# This file was autogenerated by Stack.
# You should not edit this file by hand.
# For more information, please see the documentation at:
#   https://docs.haskellstack.org/en/stable/lock_files

packages:
- completed:
    hackage: network-3.1.1.0@sha256:c60e754c878bf769476c8f717ca36dfa54a5151d8aa058778decf92680ed3841,4268
    pantry-tree:
      size: 3297
      sha256: aff9e181eb0db8aba669789f384f036d9cc436d47447fe6a45738ee019011683
  original:
    hackage: network-3.1.1.0
- completed:
    hackage: warp-3.3.3@sha256:7f283dfdad1edff64ac527abfcdd8a7ccbc1c652347d8c923570c5b2a544000b,10720
    pantry-tree:
      size: 3898
      sha256: e7eb0488675ffe2ad9405f9811001c636f013685e1b62fe16779a65640cfb659
  original:
    hackage: warp-3.3.3
- completed:
    hackage: http2-2.0.3@sha256:c08885f0fd26ae035b169029b782cc693cc30e4d7a3b6f21a61de31085e8cfae,17644
    pantry-tree:
      size: 44789
      sha256: 954622417a3d9a33975c5ab7e68d3218b0bc383c9f7ee192ee3ac849a63d2613
  original:
    hackage: http2-2.0.3
- completed:
    hackage: tls-1.5.2@sha256:61e403d59c860fe9df2ff15bf2aa73a75fa1fb53f7ac27a62d1f40f23d30f26c,6753
    pantry-tree:
      size: 4687
      sha256: 2c84a361b59e247bf68e586da9eb1af97d01f27d2873a63c115b10a08ff75951
  original:
    hackage: tls-1.5.2
snapshots:
- completed:
    size: 523700
    url: https://raw.githubusercontent.com/commercialhaskell/stackage-snapshots/master/lts/14/7.yaml
    sha256: 8e3f3c894be74d71fa4bf085e0a8baae7e4d7622d07ea31a52736b80f8b9bb1a
  original: lts-14.7
