# This file was autogenerated by Stack.
# You should not edit this file by hand.
# For more information, please see the documentation at:
#   https://docs.haskellstack.org/en/stable/lock_files

packages:
- completed:
    hackage: tls-1.5.2@sha256:61e403d59c860fe9df2ff15bf2aa73a75fa1fb53f7ac27a62d1f40f23d30f26c,6753
    pantry-tree:
      size: 4687
      sha256: 2c84a361b59e247bf68e586da9eb1af97d01f27d2873a63c115b10a08ff75951
  original:
    hackage: tls-1.5.2
snapshots:
- completed:
    size: 400270
    url: https://raw.githubusercontent.com/commercialhaskell/stackage-snapshots/master/nightly/2019/10/15.yaml
    sha256: b6ba261831df4ded3ad7aaf6a9097d72314fa361668e38d427123729fcf83097
  original: nightly-2019-10-15
