# This file was autogenerated by Stack.
# You should not edit this file by hand.
# For more information, please see the documentation at:
#   https://docs.haskellstack.org/en/stable/lock_files

packages:
- completed:
    hackage: network-3.1.1.0@sha256:c60e754c878bf769476c8f717ca36dfa54a5151d8aa058778decf92680ed3841,4268
    pantry-tree:
      size: 3297
      sha256: aff9e181eb0db8aba669789f384f036d9cc436d47447fe6a45738ee019011683
  original:
    hackage: network-3.1.1.0@sha256:c60e754c878bf769476c8f717ca36dfa54a5151d8aa058778decf92680ed3841,4268
snapshots:
- completed:
    size: 523700
    url: https://raw.githubusercontent.com/commercialhaskell/stackage-snapshots/master/lts/14/7.yaml
    sha256: 8e3f3c894be74d71fa4bf085e0a8baae7e4d7622d07ea31a52736b80f8b9bb1a
  original: lts-14.7
